
Microsoft Visual Studio Solution File, Format Version 12.00
# Visual Studio Version 16
VisualStudioVersion = 16.0.30907.101
MinimumVisualStudioVersion = 10.0.40219.1
Project("{9A19103F-16F7-4668-BE54-9A1E7A4F7556}") = "FunctionApp1", "FunctionApp1\FunctionApp1.csproj", "{1F5A0AD5-F642-4114-BAF7-6E4A818DB5DF}"
EndProject
Project("{9A19103F-16F7-4668-BE54-9A1E7A4F7556}") = "ClassLibrary1", "ClassLibrary1\ClassLibrary1.csproj", "{4BF457C9-9D3C-47CB-B788-E8A362D617B0}"
EndProject
Global
	GlobalSection(SolutionConfigurationPlatforms) = preSolution
		Debug|Any CPU = Debug|Any CPU
		Release|Any CPU = Release|Any CPU
	EndGlobalSection
	GlobalSection(ProjectConfigurationPlatforms) = postSolution
		{1F5A0AD5-F642-4114-BAF7-6E4A818DB5DF}.Debug|Any CPU.ActiveCfg = Debug|Any CPU
		{1F5A0AD5-F642-4114-BAF7-6E4A818DB5DF}.Debug|Any CPU.Build.0 = Debug|Any CPU
		{1F5A0AD5-F642-4114-BAF7-6E4A818DB5DF}.Release|Any CPU.ActiveCfg = Release|Any CPU
		{1F5A0AD5-F642-4114-BAF7-6E4A818DB5DF}.Release|Any CPU.Build.0 = Release|Any CPU
		{4BF457C9-9D3C-47CB-B788-E8A362D617B0}.Debug|Any CPU.ActiveCfg = Debug|Any CPU
		{4BF457C9-9D3C-47CB-B788-E8A362D617B0}.Debug|Any CPU.Build.0 = Debug|Any CPU
		{4BF457C9-9D3C-47CB-B788-E8A362D617B0}.Release|Any CPU.ActiveCfg = Release|Any CPU
		{4BF457C9-9D3C-47CB-B788-E8A362D617B0}.Release|Any CPU.Build.0 = Release|Any CPU
	EndGlobalSection
	GlobalSection(SolutionProperties) = preSolution
		HideSolutionNode = FALSE
	EndGlobalSection
	GlobalSection(ExtensibilityGlobals) = postSolution
		SolutionGuid = {D21E9FE8-BD3B-4B25-8C87-E17BFC7C75BC}
	EndGlobalSection
EndGlobal
